
Microsoft Visual Studio Solution File, Format Version 12.00
# Visual Studio 15
VisualStudioVersion = 15.0.28307.572
MinimumVisualStudioVersion = 10.0.40219.1
Project("{FAE04EC0-301F-11D3-BF4B-00C04F79EFBC}") = "StringManipulation", "StringManipulation\StringManipulation.csproj", "{ECF8615B-C530-4A0A-8201-E701FA4A0321}"
EndProject
Global
	GlobalSection(SolutionConfigurationPlatforms) = preSolution
		Debug|Any CPU = Debug|Any CPU
		Release|Any CPU = Release|Any CPU
	EndGlobalSection
	GlobalSection(ProjectConfigurationPlatforms) = postSolution
		{ECF8615B-C530-4A0A-8201-E701FA4A0321}.Debug|Any CPU.ActiveCfg = Debug|Any CPU
		{ECF8615B-C530-4A0A-8201-E701FA4A0321}.Debug|Any CPU.Build.0 = Debug|Any CPU
		{ECF8615B-C530-4A0A-8201-E701FA4A0321}.Release|Any CPU.ActiveCfg = Release|Any CPU
		{ECF8615B-C530-4A0A-8201-E701FA4A0321}.Release|Any CPU.Build.0 = Release|Any CPU
	EndGlobalSection
	GlobalSection(SolutionProperties) = preSolution
		HideSolutionNode = FALSE
	EndGlobalSection
	GlobalSection(ExtensibilityGlobals) = postSolution
		SolutionGuid = {A972C0CB-D831-4A29-AD2A-CCCE78C24A68}
	EndGlobalSection
EndGlobal
